
Microsoft Visual Studio Solution File, Format Version 12.00
# Visual Studio Version 17
VisualStudioVersion = 17.14.35906.104
MinimumVisualStudioVersion = 10.0.40219.1
Project("{FAE04EC0-301F-11D3-BF4B-00C04F79EFBC}") = "TaskManagementSystem.API", "TaskManagementSystem.API\TaskManagementSystem.API.csproj", "{F3247FB3-FC76-4EEA-AF71-A6535841B0CB}"
EndProject
Project("{54A90642-561A-4BB1-A94E-469ADEE60C69}") = "TaskManagementSystem.UI", "TaskManagementSystem.UI\TaskManagementSystem.UI.esproj", "{A12EA4BC-CF91-D556-EBB2-AD8657436FBF}"
EndProject
Global
	GlobalSection(SolutionConfigurationPlatforms) = preSolution
		Debug|Any CPU = Debug|Any CPU
		Release|Any CPU = Release|Any CPU
	EndGlobalSection
	GlobalSection(ProjectConfigurationPlatforms) = postSolution
		{F3247FB3-FC76-4EEA-AF71-A6535841B0CB}.Debug|Any CPU.ActiveCfg = Debug|Any CPU
		{F3247FB3-FC76-4EEA-AF71-A6535841B0CB}.Debug|Any CPU.Build.0 = Debug|Any CPU
		{F3247FB3-FC76-4EEA-AF71-A6535841B0CB}.Release|Any CPU.ActiveCfg = Release|Any CPU
		{F3247FB3-FC76-4EEA-AF71-A6535841B0CB}.Release|Any CPU.Build.0 = Release|Any CPU
		{A12EA4BC-CF91-D556-EBB2-AD8657436FBF}.Debug|Any CPU.ActiveCfg = Debug|Any CPU
		{A12EA4BC-CF91-D556-EBB2-AD8657436FBF}.Debug|Any CPU.Build.0 = Debug|Any CPU
		{A12EA4BC-CF91-D556-EBB2-AD8657436FBF}.Debug|Any CPU.Deploy.0 = Debug|Any CPU
		{A12EA4BC-CF91-D556-EBB2-AD8657436FBF}.Release|Any CPU.ActiveCfg = Release|Any CPU
		{A12EA4BC-CF91-D556-EBB2-AD8657436FBF}.Release|Any CPU.Build.0 = Release|Any CPU
		{A12EA4BC-CF91-D556-EBB2-AD8657436FBF}.Release|Any CPU.Deploy.0 = Release|Any CPU
	EndGlobalSection
	GlobalSection(SolutionProperties) = preSolution
		HideSolutionNode = FALSE
	EndGlobalSection
	GlobalSection(ExtensibilityGlobals) = postSolution
		SolutionGuid = {396A9572-4787-49CF-A4C9-EBAD526FC42A}
	EndGlobalSection
EndGlobal
